
Microsoft Visual Studio Solution File, Format Version 12.00
# Visual Studio 2017
Project("{FAE04EC0-301F-11D3-BF4B-00C04F79EFBC}") = "Sine Line", "Sine Line.csproj", "{3DDC7837-CA3E-5EF4-A424-B0D05320ABCA}"
EndProject
Project("{FAE04EC0-301F-11D3-BF4B-00C04F79EFBC}") = "Sine Line.Editor", "Sine Line.Editor.csproj", "{FEF9358F-237F-9472-A3E0-6B19FE8D036F}"
EndProject
Global
	GlobalSection(SolutionConfigurationPlatforms) = preSolution
		Debug|Any CPU = Debug|Any CPU
		Release|Any CPU = Release|Any CPU
	EndGlobalSection
	GlobalSection(ProjectConfigurationPlatforms) = postSolution
		{3DDC7837-CA3E-5EF4-A424-B0D05320ABCA}.Debug|Any CPU.ActiveCfg = Debug|Any CPU
		{3DDC7837-CA3E-5EF4-A424-B0D05320ABCA}.Debug|Any CPU.Build.0 = Debug|Any CPU
		{3DDC7837-CA3E-5EF4-A424-B0D05320ABCA}.Release|Any CPU.ActiveCfg = Release|Any CPU
		{3DDC7837-CA3E-5EF4-A424-B0D05320ABCA}.Release|Any CPU.Build.0 = Release|Any CPU
		{FEF9358F-237F-9472-A3E0-6B19FE8D036F}.Debug|Any CPU.ActiveCfg = Debug|Any CPU
		{FEF9358F-237F-9472-A3E0-6B19FE8D036F}.Debug|Any CPU.Build.0 = Debug|Any CPU
		{FEF9358F-237F-9472-A3E0-6B19FE8D036F}.Release|Any CPU.ActiveCfg = Release|Any CPU
		{FEF9358F-237F-9472-A3E0-6B19FE8D036F}.Release|Any CPU.Build.0 = Release|Any CPU
	EndGlobalSection
	GlobalSection(SolutionProperties) = preSolution
		HideSolutionNode = FALSE
	EndGlobalSection
EndGlobal
